Microsoft Visual Studio Solution File, Format Version 12.00
# Visual Studio Version 17
VisualStudioVersion = 17.8.34330.188
MinimumVisualStudioVersion = 10.0.40219.1
Project("{FAE04EC0-301F-11D3-BF4B-00C04F79EFBC}") = "ResourceRadar.App", "src\ResourceRadar.App\ResourceRadar.App.csproj", "{C9161118-5D0C-4D2F-8E90-6C4A2D9D11F0}"
EndProject
Project("{FAE04EC0-301F-11D3-BF4B-00C04F79EFBC}") = "ResourceRadar.Monitoring", "src\ResourceRadar.Monitoring\ResourceRadar.Monitoring.csproj", "{2E5F5CCB-5C87-44EF-A4CC-5D365B3380C2}"
EndProject
Project("{2150E333-8FDC-42A3-9474-1A3956D46DE8}") = "src", "src", "{A2558D4B-88F1-4557-BD6D-8F857A23E0D9}"
EndProject
Project("{FAE04EC0-301F-11D3-BF4B-00C04F79EFBC}") = "ResourceRadar.Api", "src\ResourceRadar.Api\ResourceRadar.Api.csproj", "{FADFB84E-66CA-416E-B14C-35B5A443108F}"
EndProject
Global
	GlobalSection(SolutionConfigurationPlatforms) = preSolution
		Debug|Any CPU = Debug|Any CPU
		Release|Any CPU = Release|Any CPU
	EndGlobalSection
	GlobalSection(ProjectConfigurationPlatforms) = postSolution
		{C9161118-5D0C-4D2F-8E90-6C4A2D9D11F0}.Debug|Any CPU.ActiveCfg = Debug|Any CPU
		{C9161118-5D0C-4D2F-8E90-6C4A2D9D11F0}.Debug|Any CPU.Build.0 = Debug|Any CPU
		{C9161118-5D0C-4D2F-8E90-6C4A2D9D11F0}.Release|Any CPU.ActiveCfg = Release|Any CPU
		{C9161118-5D0C-4D2F-8E90-6C4A2D9D11F0}.Release|Any CPU.Build.0 = Release|Any CPU
		{2E5F5CCB-5C87-44EF-A4CC-5D365B3380C2}.Debug|Any CPU.ActiveCfg = Debug|Any CPU
		{2E5F5CCB-5C87-44EF-A4CC-5D365B3380C2}.Debug|Any CPU.Build.0 = Debug|Any CPU
		{2E5F5CCB-5C87-44EF-A4CC-5D365B3380C2}.Release|Any CPU.ActiveCfg = Release|Any CPU
		{2E5F5CCB-5C87-44EF-A4CC-5D365B3380C2}.Release|Any CPU.Build.0 = Release|Any CPU
		{FADFB84E-66CA-416E-B14C-35B5A443108F}.Debug|Any CPU.ActiveCfg = Debug|Any CPU
		{FADFB84E-66CA-416E-B14C-35B5A443108F}.Debug|Any CPU.Build.0 = Debug|Any CPU
		{FADFB84E-66CA-416E-B14C-35B5A443108F}.Release|Any CPU.ActiveCfg = Release|Any CPU
		{FADFB84E-66CA-416E-B14C-35B5A443108F}.Release|Any CPU.Build.0 = Release|Any CPU
	EndGlobalSection
	GlobalSection(SolutionProperties) = preSolution
		HideSolutionNode = FALSE
	EndGlobalSection
	GlobalSection(NestedProjects) = preSolution
		{FADFB84E-66CA-416E-B14C-35B5A443108F} = {A2558D4B-88F1-4557-BD6D-8F857A23E0D9}
	EndGlobalSection
EndGlobal
